
Microsoft Visual Studio Solution File, Format Version 12.00
# Visual Studio 15
VisualStudioVersion = 15.0.28307.645
MinimumVisualStudioVersion = 10.0.40219.1
Project("{FAE04EC0-301F-11D3-BF4B-00C04F79EFBC}") = "ICAN.SIC.Plugin.ICANMONITORDEDICATEDWEB", "ICAN.SIC.Plugin.ICANMONITORDEDICATEDWEB\ICAN.SIC.Plugin.ICANMONITORDEDICATEDWEB.csproj", "{4F527054-A675-491C-9C06-C544C6A80BE1}"
EndProject
Project("{FAE04EC0-301F-11D3-BF4B-00C04F79EFBC}") = "ICAN.SIC.Plugin.ICANMONITORDEDICATEDWEB.Host", "ICAN.SIC.Plugin.ICANMONITORDEDICATEDWEB.Host\ICAN.SIC.Plugin.ICANMONITORDEDICATEDWEB.Host.csproj", "{ACF20FC5-0FB5-49A4-9BB8-F7B68EBBAEC5}"
EndProject
Global
	GlobalSection(SolutionConfigurationPlatforms) = preSolution
		Debug|Any CPU = Debug|Any CPU
		Release|Any CPU = Release|Any CPU
	EndGlobalSection
	GlobalSection(ProjectConfigurationPlatforms) = postSolution
		{4F527054-A675-491C-9C06-C544C6A80BE1}.Debug|Any CPU.ActiveCfg = Debug|Any CPU
		{4F527054-A675-491C-9C06-C544C6A80BE1}.Debug|Any CPU.Build.0 = Debug|Any CPU
		{4F527054-A675-491C-9C06-C544C6A80BE1}.Release|Any CPU.ActiveCfg = Release|Any CPU
		{4F527054-A675-491C-9C06-C544C6A80BE1}.Release|Any CPU.Build.0 = Release|Any CPU
		{ACF20FC5-0FB5-49A4-9BB8-F7B68EBBAEC5}.Debug|Any CPU.ActiveCfg = Debug|Any CPU
		{ACF20FC5-0FB5-49A4-9BB8-F7B68EBBAEC5}.Debug|Any CPU.Build.0 = Debug|Any CPU
		{ACF20FC5-0FB5-49A4-9BB8-F7B68EBBAEC5}.Release|Any CPU.ActiveCfg = Release|Any CPU
		{ACF20FC5-0FB5-49A4-9BB8-F7B68EBBAEC5}.Release|Any CPU.Build.0 = Release|Any CPU
	EndGlobalSection
	GlobalSection(SolutionProperties) = preSolution
		HideSolutionNode = FALSE
	EndGlobalSection
	GlobalSection(ExtensibilityGlobals) = postSolution
		SolutionGuid = {51A71778-A171-45C0-BDB5-BFAE58C7F103}
	EndGlobalSection
EndGlobal
